
Microsoft Visual Studio Solution File, Format Version 12.00
# Visual Studio Version 17
VisualStudioVersion = 17.0.31903.59
MinimumVisualStudioVersion = 10.0.40219.1
Project("{2150E333-8FDC-42A3-9474-1A3956D46DE8}") = "src", "src", "{827E0CD3-B72D-47B6-A68D-7590B98EB39B}"
EndProject
Project("{FAE04EC0-301F-11D3-BF4B-00C04F79EFBC}") = "Autonome.Core", "src\Autonome.Core\Autonome.Core.csproj", "{F8329723-CDA3-40C1-A3D3-547E9308DC4F}"
EndProject
Project("{FAE04EC0-301F-11D3-BF4B-00C04F79EFBC}") = "Autonome.Data", "src\Autonome.Data\Autonome.Data.csproj", "{AF120087-224B-429F-B211-CF330959BD55}"
EndProject
Project("{FAE04EC0-301F-11D3-BF4B-00C04F79EFBC}") = "Autonome.History", "src\Autonome.History\Autonome.History.csproj", "{097B3290-CE49-486E-8781-42A7F30903A3}"
EndProject
Project("{FAE04EC0-301F-11D3-BF4B-00C04F79EFBC}") = "Autonome.Cli", "src\Autonome.Cli\Autonome.Cli.csproj", "{8DA56F7E-FDBB-4448-BEC7-5FEB4CE0CEE3}"
EndProject
Project("{FAE04EC0-301F-11D3-BF4B-00C04F79EFBC}") = "Autonome.Core.Tests", "tests\Autonome.Core.Tests\Autonome.Core.Tests.csproj", "{E9B78CFA-E7E0-4530-A825-62BFDE2B47F9}"
EndProject
Project("{FAE04EC0-301F-11D3-BF4B-00C04F79EFBC}") = "Autonome.Data.Tests", "tests\Autonome.Data.Tests\Autonome.Data.Tests.csproj", "{86102FC1-BA21-4BE5-A187-01C221FA8F6F}"
EndProject
Project("{FAE04EC0-301F-11D3-BF4B-00C04F79EFBC}") = "Autonome.Integration.Tests", "tests\Autonome.Integration.Tests\Autonome.Integration.Tests.csproj", "{DB9AFFF1-2DBA-458F-A149-2CBD054B1466}"
EndProject
Project("{FAE04EC0-301F-11D3-BF4B-00C04F79EFBC}") = "Autonome.Analysis", "src\Autonome.Analysis\Autonome.Analysis.csproj", "{18B4A437-88C0-47D9-A671-E0E0E47E932C}"
EndProject
Global
	GlobalSection(SolutionConfigurationPlatforms) = preSolution
		Debug|Any CPU = Debug|Any CPU
		Debug|x64 = Debug|x64
		Debug|x86 = Debug|x86
		Release|Any CPU = Release|Any CPU
		Release|x64 = Release|x64
		Release|x86 = Release|x86
	EndGlobalSection
	GlobalSection(ProjectConfigurationPlatforms) = postSolution
		{F8329723-CDA3-40C1-A3D3-547E9308DC4F}.Debug|Any CPU.ActiveCfg = Debug|Any CPU
		{F8329723-CDA3-40C1-A3D3-547E9308DC4F}.Debug|Any CPU.Build.0 = Debug|Any CPU
		{F8329723-CDA3-40C1-A3D3-547E9308DC4F}.Debug|x64.ActiveCfg = Debug|Any CPU
		{F8329723-CDA3-40C1-A3D3-547E9308DC4F}.Debug|x64.Build.0 = Debug|Any CPU
		{F8329723-CDA3-40C1-A3D3-547E9308DC4F}.Debug|x86.ActiveCfg = Debug|Any CPU
		{F8329723-CDA3-40C1-A3D3-547E9308DC4F}.Debug|x86.Build.0 = Debug|Any CPU
		{F8329723-CDA3-40C1-A3D3-547E9308DC4F}.Release|Any CPU.ActiveCfg = Release|Any CPU
		{F8329723-CDA3-40C1-A3D3-547E9308DC4F}.Release|Any CPU.Build.0 = Release|Any CPU
		{F8329723-CDA3-40C1-A3D3-547E9308DC4F}.Release|x64.ActiveCfg = Release|Any CPU
		{F8329723-CDA3-40C1-A3D3-547E9308DC4F}.Release|x64.Build.0 = Release|Any CPU
		{F8329723-CDA3-40C1-A3D3-547E9308DC4F}.Release|x86.ActiveCfg = Release|Any CPU
		{F8329723-CDA3-40C1-A3D3-547E9308DC4F}.Release|x86.Build.0 = Release|Any CPU
		{AF120087-224B-429F-B211-CF330959BD55}.Debug|Any CPU.ActiveCfg = Debug|Any CPU
		{AF120087-224B-429F-B211-CF330959BD55}.Debug|Any CPU.Build.0 = Debug|Any CPU
		{AF120087-224B-429F-B211-CF330959BD55}.Debug|x64.ActiveCfg = Debug|Any CPU
		{AF120087-224B-429F-B211-CF330959BD55}.Debug|x64.Build.0 = Debug|Any CPU
		{AF120087-224B-429F-B211-CF330959BD55}.Debug|x86.ActiveCfg = Debug|Any CPU
		{AF120087-224B-429F-B211-CF330959BD55}.Debug|x86.Build.0 = Debug|Any CPU
		{AF120087-224B-429F-B211-CF330959BD55}.Release|Any CPU.ActiveCfg = Release|Any CPU
		{AF120087-224B-429F-B211-CF330959BD55}.Release|Any CPU.Build.0 = Release|Any CPU
		{AF120087-224B-429F-B211-CF330959BD55}.Release|x64.ActiveCfg = Release|Any CPU
		{AF120087-224B-429F-B211-CF330959BD55}.Release|x64.Build.0 = Release|Any CPU
		{AF120087-224B-429F-B211-CF330959BD55}.Release|x86.ActiveCfg = Release|Any CPU
		{AF120087-224B-429F-B211-CF330959BD55}.Release|x86.Build.0 = Release|Any CPU
		{097B3290-CE49-486E-8781-42A7F30903A3}.Debug|Any CPU.ActiveCfg = Debug|Any CPU
		{097B3290-CE49-486E-8781-42A7F30903A3}.Debug|Any CPU.Build.0 = Debug|Any CPU
		{097B3290-CE49-486E-8781-42A7F30903A3}.Debug|x64.ActiveCfg = Debug|Any CPU
		{097B3290-CE49-486E-8781-42A7F30903A3}.Debug|x64.Build.0 = Debug|Any CPU
		{097B3290-CE49-486E-8781-42A7F30903A3}.Debug|x86.ActiveCfg = Debug|Any CPU
		{097B3290-CE49-486E-8781-42A7F30903A3}.Debug|x86.Build.0 = Debug|Any CPU
		{097B3290-CE49-486E-8781-42A7F30903A3}.Release|Any CPU.ActiveCfg = Release|Any CPU
		{097B3290-CE49-486E-8781-42A7F30903A3}.Release|Any CPU.Build.0 = Release|Any CPU
		{097B3290-CE49-486E-8781-42A7F30903A3}.Release|x64.ActiveCfg = Release|Any CPU
		{097B3290-CE49-486E-8781-42A7F30903A3}.Release|x64.Build.0 = Release|Any CPU
		{097B3290-CE49-486E-8781-42A7F30903A3}.Release|x86.ActiveCfg = Release|Any CPU
		{097B3290-CE49-486E-8781-42A7F30903A3}.Release|x86.Build.0 = Release|Any CPU
		{8DA56F7E-FDBB-4448-BEC7-5FEB4CE0CEE3}.Debug|Any CPU.ActiveCfg = Debug|Any CPU
		{8DA56F7E-FDBB-4448-BEC7-5FEB4CE0CEE3}.Debug|Any CPU.Build.0 = Debug|Any CPU
		{8DA56F7E-FDBB-4448-BEC7-5FEB4CE0CEE3}.Debug|x64.ActiveCfg = Debug|Any CPU
		{8DA56F7E-FDBB-4448-BEC7-5FEB4CE0CEE3}.Debug|x64.Build.0 = Debug|Any CPU
		{8DA56F7E-FDBB-4448-BEC7-5FEB4CE0CEE3}.Debug|x86.ActiveCfg = Debug|Any CPU
		{8DA56F7E-FDBB-4448-BEC7-5FEB4CE0CEE3}.Debug|x86.Build.0 = Debug|Any CPU
		{8DA56F7E-FDBB-4448-BEC7-5FEB4CE0CEE3}.Release|Any CPU.ActiveCfg = Release|Any CPU
		{8DA56F7E-FDBB-4448-BEC7-5FEB4CE0CEE3}.Release|Any CPU.Build.0 = Release|Any CPU
		{8DA56F7E-FDBB-4448-BEC7-5FEB4CE0CEE3}.Release|x64.ActiveCfg = Release|Any CPU
		{8DA56F7E-FDBB-4448-BEC7-5FEB4CE0CEE3}.Release|x64.Build.0 = Release|Any CPU
		{8DA56F7E-FDBB-4448-BEC7-5FEB4CE0CEE3}.Release|x86.ActiveCfg = Release|Any CPU
		{8DA56F7E-FDBB-4448-BEC7-5FEB4CE0CEE3}.Release|x86.Build.0 = Release|Any CPU
		{E9B78CFA-E7E0-4530-A825-62BFDE2B47F9}.Debug|Any CPU.ActiveCfg = Debug|Any CPU
		{E9B78CFA-E7E0-4530-A825-62BFDE2B47F9}.Debug|Any CPU.Build.0 = Debug|Any CPU
		{E9B78CFA-E7E0-4530-A825-62BFDE2B47F9}.Debug|x64.ActiveCfg = Debug|Any CPU
		{E9B78CFA-E7E0-4530-A825-62BFDE2B47F9}.Debug|x64.Build.0 = Debug|Any CPU
		{E9B78CFA-E7E0-4530-A825-62BFDE2B47F9}.Debug|x86.ActiveCfg = Debug|Any CPU
		{E9B78CFA-E7E0-4530-A825-62BFDE2B47F9}.Debug|x86.Build.0 = Debug|Any CPU
		{E9B78CFA-E7E0-4530-A825-62BFDE2B47F9}.Release|Any CPU.ActiveCfg = Release|Any CPU
		{E9B78CFA-E7E0-4530-A825-62BFDE2B47F9}.Release|Any CPU.Build.0 = Release|Any CPU
		{E9B78CFA-E7E0-4530-A825-62BFDE2B47F9}.Release|x64.ActiveCfg = Release|Any CPU
		{E9B78CFA-E7E0-4530-A825-62BFDE2B47F9}.Release|x64.Build.0 = Release|Any CPU
		{E9B78CFA-E7E0-4530-A825-62BFDE2B47F9}.Release|x86.ActiveCfg = Release|Any CPU
		{E9B78CFA-E7E0-4530-A825-62BFDE2B47F9}.Release|x86.Build.0 = Release|Any CPU
		{86102FC1-BA21-4BE5-A187-01C221FA8F6F}.Debug|Any CPU.ActiveCfg = Debug|Any CPU
		{86102FC1-BA21-4BE5-A187-01C221FA8F6F}.Debug|Any CPU.Build.0 = Debug|Any CPU
		{86102FC1-BA21-4BE5-A187-01C221FA8F6F}.Debug|x64.ActiveCfg = Debug|Any CPU
		{86102FC1-BA21-4BE5-A187-01C221FA8F6F}.Debug|x64.Build.0 = Debug|Any CPU
		{86102FC1-BA21-4BE5-A187-01C221FA8F6F}.Debug|x86.ActiveCfg = Debug|Any CPU
		{86102FC1-BA21-4BE5-A187-01C221FA8F6F}.Debug|x86.Build.0 = Debug|Any CPU
		{86102FC1-BA21-4BE5-A187-01C221FA8F6F}.Release|Any CPU.ActiveCfg = Release|Any CPU
		{86102FC1-BA21-4BE5-A187-01C221FA8F6F}.Release|Any CPU.Build.0 = Release|Any CPU
		{86102FC1-BA21-4BE5-A187-01C221FA8F6F}.Release|x64.ActiveCfg = Release|Any CPU
		{86102FC1-BA21-4BE5-A187-01C221FA8F6F}.Release|x64.Build.0 = Release|Any CPU
		{86102FC1-BA21-4BE5-A187-01C221FA8F6F}.Release|x86.ActiveCfg = Release|Any CPU
		{86102FC1-BA21-4BE5-A187-01C221FA8F6F}.Release|x86.Build.0 = Release|Any CPU
		{DB9AFFF1-2DBA-458F-A149-2CBD054B1466}.Debug|Any CPU.ActiveCfg = Debug|Any CPU
		{DB9AFFF1-2DBA-458F-A149-2CBD054B1466}.Debug|Any CPU.Build.0 = Debug|Any CPU
		{DB9AFFF1-2DBA-458F-A149-2CBD054B1466}.Debug|x64.ActiveCfg = Debug|Any CPU
		{DB9AFFF1-2DBA-458F-A149-2CBD054B1466}.Debug|x64.Build.0 = Debug|Any CPU
		{DB9AFFF1-2DBA-458F-A149-2CBD054B1466}.Debug|x86.ActiveCfg = Debug|Any CPU
		{DB9AFFF1-2DBA-458F-A149-2CBD054B1466}.Debug|x86.Build.0 = Debug|Any CPU
		{DB9AFFF1-2DBA-458F-A149-2CBD054B1466}.Release|Any CPU.ActiveCfg = Release|Any CPU
		{DB9AFFF1-2DBA-458F-A149-2CBD054B1466}.Release|Any CPU.Build.0 = Release|Any CPU
		{DB9AFFF1-2DBA-458F-A149-2CBD054B1466}.Release|x64.ActiveCfg = Release|Any CPU
		{DB9AFFF1-2DBA-458F-A149-2CBD054B1466}.Release|x64.Build.0 = Release|Any CPU
		{DB9AFFF1-2DBA-458F-A149-2CBD054B1466}.Release|x86.ActiveCfg = Release|Any CPU
		{DB9AFFF1-2DBA-458F-A149-2CBD054B1466}.Release|x86.Build.0 = Release|Any CPU
		{18B4A437-88C0-47D9-A671-E0E0E47E932C}.Debug|Any CPU.ActiveCfg = Debug|Any CPU
		{18B4A437-88C0-47D9-A671-E0E0E47E932C}.Debug|Any CPU.Build.0 = Debug|Any CPU
		{18B4A437-88C0-47D9-A671-E0E0E47E932C}.Debug|x64.ActiveCfg = Debug|Any CPU
		{18B4A437-88C0-47D9-A671-E0E0E47E932C}.Debug|x64.Build.0 = Debug|Any CPU
		{18B4A437-88C0-47D9-A671-E0E0E47E932C}.Debug|x86.ActiveCfg = Debug|Any CPU
		{18B4A437-88C0-47D9-A671-E0E0E47E932C}.Debug|x86.Build.0 = Debug|Any CPU
		{18B4A437-88C0-47D9-A671-E0E0E47E932C}.Release|Any CPU.ActiveCfg = Release|Any CPU
		{18B4A437-88C0-47D9-A671-E0E0E47E932C}.Release|Any CPU.Build.0 = Release|Any CPU
		{18B4A437-88C0-47D9-A671-E0E0E47E932C}.Release|x64.ActiveCfg = Release|Any CPU
		{18B4A437-88C0-47D9-A671-E0E0E47E932C}.Release|x64.Build.0 = Release|Any CPU
		{18B4A437-88C0-47D9-A671-E0E0E47E932C}.Release|x86.ActiveCfg = Release|Any CPU
		{18B4A437-88C0-47D9-A671-E0E0E47E932C}.Release|x86.Build.0 = Release|Any CPU
	EndGlobalSection
	GlobalSection(SolutionProperties) = preSolution
		HideSolutionNode = FALSE
	EndGlobalSection
	GlobalSection(NestedProjects) = preSolution
		{F8329723-CDA3-40C1-A3D3-547E9308DC4F} = {827E0CD3-B72D-47B6-A68D-7590B98EB39B}
		{AF120087-224B-429F-B211-CF330959BD55} = {827E0CD3-B72D-47B6-A68D-7590B98EB39B}
		{097B3290-CE49-486E-8781-42A7F30903A3} = {827E0CD3-B72D-47B6-A68D-7590B98EB39B}
		{8DA56F7E-FDBB-4448-BEC7-5FEB4CE0CEE3} = {827E0CD3-B72D-47B6-A68D-7590B98EB39B}
		{E9B78CFA-E7E0-4530-A825-62BFDE2B47F9} = {827E0CD3-B72D-47B6-A68D-7590B98EB39B}
		{86102FC1-BA21-4BE5-A187-01C221FA8F6F} = {827E0CD3-B72D-47B6-A68D-7590B98EB39B}
		{DB9AFFF1-2DBA-458F-A149-2CBD054B1466} = {827E0CD3-B72D-47B6-A68D-7590B98EB39B}
		{18B4A437-88C0-47D9-A671-E0E0E47E932C} = {827E0CD3-B72D-47B6-A68D-7590B98EB39B}
	EndGlobalSection
EndGlobal
